
Microsoft Visual Studio Solution File, Format Version 12.00
# Visual Studio Version 16
VisualStudioVersion = 16.0.30204.135
MinimumVisualStudioVersion = 10.0.40219.1
Project("{FAE04EC0-301F-11D3-BF4B-00C04F79EFBC}") = "webTest", "webTest\webTest.csproj", "{EDB54FC2-5CE8-4E44-8E24-412313AE6EAE}"
EndProject
Global
	GlobalSection(SolutionConfigurationPlatforms) = preSolution
		Debug|Any CPU = Debug|Any CPU
		Release|Any CPU = Release|Any CPU
	EndGlobalSection
	GlobalSection(ProjectConfigurationPlatforms) = postSolution
		{EDB54FC2-5CE8-4E44-8E24-412313AE6EAE}.Debug|Any CPU.ActiveCfg = Debug|Any CPU
		{EDB54FC2-5CE8-4E44-8E24-412313AE6EAE}.Debug|Any CPU.Build.0 = Debug|Any CPU
		{EDB54FC2-5CE8-4E44-8E24-412313AE6EAE}.Release|Any CPU.ActiveCfg = Release|Any CPU
		{EDB54FC2-5CE8-4E44-8E24-412313AE6EAE}.Release|Any CPU.Build.0 = Release|Any CPU
	EndGlobalSection
	GlobalSection(SolutionProperties) = preSolution
		HideSolutionNode = FALSE
	EndGlobalSection
	GlobalSection(ExtensibilityGlobals) = postSolution
		SolutionGuid = {F4B32543-5F09-4485-8ECF-BA3F4A35B985}
	EndGlobalSection
EndGlobal
